
Microsoft Visual Studio Solution File, Format Version 12.00
# Visual Studio Version 17
VisualStudioVersion = 17.4.33122.133
MinimumVisualStudioVersion = 10.0.40219.1
Project("{8BC9CEB8-8B4A-11D0-8D11-00A0C91BC942}") = "BST", "BST\BST.vcxproj", "{4EF32115-C068-4654-BCEE-E239B77D217C}"
EndProject
Project("{8BC9CEB8-8B4A-11D0-8D11-00A0C91BC942}") = "AVLTests", "AVLTests\AVLTests.vcxproj", "{7EDACC73-359C-4148-B528-B78CF422A224}"
EndProject
Project("{8BC9CEB8-8B4A-11D0-8D11-00A0C91BC942}") = "MazeThing", "MazeThing\MazeThing.vcxproj", "{251D3834-A175-42EF-A59E-D359F0D796C8}"
EndProject
Project("{8BC9CEB8-8B4A-11D0-8D11-00A0C91BC942}") = "LinkedList", "LinkedList\LinkedList.vcxproj", "{5A5A5078-AB3E-4013-AD44-7CB7AA488AF4}"
EndProject
Project("{FAE04EC0-301F-11D3-BF4B-00C04F79EFBC}") = "NetworkArchitect", "NetworkArchitect\NetworkArchitect.csproj", "{FD4C80EE-89BA-4BC6-9D05-E2CBAAC98A28}"
EndProject
Project("{FAE04EC0-301F-11D3-BF4B-00C04F79EFBC}") = "NetworkTest", "NetworkTest\NetworkTest.csproj", "{3C23A438-BC28-4089-AC7B-F11CC48EF310}"
EndProject
Global
	GlobalSection(SolutionConfigurationPlatforms) = preSolution
		Debug|Any CPU = Debug|Any CPU
		Debug|x64 = Debug|x64
		Debug|x86 = Debug|x86
		Release|Any CPU = Release|Any CPU
		Release|x64 = Release|x64
		Release|x86 = Release|x86
	EndGlobalSection
	GlobalSection(ProjectConfigurationPlatforms) = postSolution
		{4EF32115-C068-4654-BCEE-E239B77D217C}.Debug|Any CPU.ActiveCfg = Debug|x64
		{4EF32115-C068-4654-BCEE-E239B77D217C}.Debug|Any CPU.Build.0 = Debug|x64
		{4EF32115-C068-4654-BCEE-E239B77D217C}.Debug|x64.ActiveCfg = Debug|x64
		{4EF32115-C068-4654-BCEE-E239B77D217C}.Debug|x64.Build.0 = Debug|x64
		{4EF32115-C068-4654-BCEE-E239B77D217C}.Debug|x86.ActiveCfg = Debug|Win32
		{4EF32115-C068-4654-BCEE-E239B77D217C}.Debug|x86.Build.0 = Debug|Win32
		{4EF32115-C068-4654-BCEE-E239B77D217C}.Release|Any CPU.ActiveCfg = Release|x64
		{4EF32115-C068-4654-BCEE-E239B77D217C}.Release|Any CPU.Build.0 = Release|x64
		{4EF32115-C068-4654-BCEE-E239B77D217C}.Release|x64.ActiveCfg = Release|x64
		{4EF32115-C068-4654-BCEE-E239B77D217C}.Release|x64.Build.0 = Release|x64
		{4EF32115-C068-4654-BCEE-E239B77D217C}.Release|x86.ActiveCfg = Release|Win32
		{4EF32115-C068-4654-BCEE-E239B77D217C}.Release|x86.Build.0 = Release|Win32
		{7EDACC73-359C-4148-B528-B78CF422A224}.Debug|Any CPU.ActiveCfg = Debug|x64
		{7EDACC73-359C-4148-B528-B78CF422A224}.Debug|Any CPU.Build.0 = Debug|x64
		{7EDACC73-359C-4148-B528-B78CF422A224}.Debug|x64.ActiveCfg = Debug|x64
		{7EDACC73-359C-4148-B528-B78CF422A224}.Debug|x64.Build.0 = Debug|x64
		{7EDACC73-359C-4148-B528-B78CF422A224}.Debug|x86.ActiveCfg = Debug|Win32
		{7EDACC73-359C-4148-B528-B78CF422A224}.Debug|x86.Build.0 = Debug|Win32
		{7EDACC73-359C-4148-B528-B78CF422A224}.Release|Any CPU.ActiveCfg = Release|x64
		{7EDACC73-359C-4148-B528-B78CF422A224}.Release|Any CPU.Build.0 = Release|x64
		{7EDACC73-359C-4148-B528-B78CF422A224}.Release|x64.ActiveCfg = Release|x64
		{7EDACC73-359C-4148-B528-B78CF422A224}.Release|x64.Build.0 = Release|x64
		{7EDACC73-359C-4148-B528-B78CF422A224}.Release|x86.ActiveCfg = Release|Win32
		{7EDACC73-359C-4148-B528-B78CF422A224}.Release|x86.Build.0 = Release|Win32
		{251D3834-A175-42EF-A59E-D359F0D796C8}.Debug|Any CPU.ActiveCfg = Debug|x64
		{251D3834-A175-42EF-A59E-D359F0D796C8}.Debug|Any CPU.Build.0 = Debug|x64
		{251D3834-A175-42EF-A59E-D359F0D796C8}.Debug|x64.ActiveCfg = Debug|x64
		{251D3834-A175-42EF-A59E-D359F0D796C8}.Debug|x64.Build.0 = Debug|x64
		{251D3834-A175-42EF-A59E-D359F0D796C8}.Debug|x86.ActiveCfg = Debug|Win32
		{251D3834-A175-42EF-A59E-D359F0D796C8}.Debug|x86.Build.0 = Debug|Win32
		{251D3834-A175-42EF-A59E-D359F0D796C8}.Release|Any CPU.ActiveCfg = Release|x64
		{251D3834-A175-42EF-A59E-D359F0D796C8}.Release|Any CPU.Build.0 = Release|x64
		{251D3834-A175-42EF-A59E-D359F0D796C8}.Release|x64.ActiveCfg = Release|x64
		{251D3834-A175-42EF-A59E-D359F0D796C8}.Release|x64.Build.0 = Release|x64
		{251D3834-A175-42EF-A59E-D359F0D796C8}.Release|x86.ActiveCfg = Release|Win32
		{251D3834-A175-42EF-A59E-D359F0D796C8}.Release|x86.Build.0 = Release|Win32
		{5A5A5078-AB3E-4013-AD44-7CB7AA488AF4}.Debug|Any CPU.ActiveCfg = Debug|x64
		{5A5A5078-AB3E-4013-AD44-7CB7AA488AF4}.Debug|Any CPU.Build.0 = Debug|x64
		{5A5A5078-AB3E-4013-AD44-7CB7AA488AF4}.Debug|x64.ActiveCfg = Debug|x64
		{5A5A5078-AB3E-4013-AD44-7CB7AA488AF4}.Debug|x64.Build.0 = Debug|x64
		{5A5A5078-AB3E-4013-AD44-7CB7AA488AF4}.Debug|x86.ActiveCfg = Debug|Win32
		{5A5A5078-AB3E-4013-AD44-7CB7AA488AF4}.Debug|x86.Build.0 = Debug|Win32
		{5A5A5078-AB3E-4013-AD44-7CB7AA488AF4}.Release|Any CPU.ActiveCfg = Release|x64
		{5A5A5078-AB3E-4013-AD44-7CB7AA488AF4}.Release|Any CPU.Build.0 = Release|x64
		{5A5A5078-AB3E-4013-AD44-7CB7AA488AF4}.Release|x64.ActiveCfg = Release|x64
		{5A5A5078-AB3E-4013-AD44-7CB7AA488AF4}.Release|x64.Build.0 = Release|x64
		{5A5A5078-AB3E-4013-AD44-7CB7AA488AF4}.Release|x86.ActiveCfg = Release|Win32
		{5A5A5078-AB3E-4013-AD44-7CB7AA488AF4}.Release|x86.Build.0 = Release|Win32
		{FD4C80EE-89BA-4BC6-9D05-E2CBAAC98A28}.Debug|Any CPU.ActiveCfg = Debug|Any CPU
		{FD4C80EE-89BA-4BC6-9D05-E2CBAAC98A28}.Debug|Any CPU.Build.0 = Debug|Any CPU
		{FD4C80EE-89BA-4BC6-9D05-E2CBAAC98A28}.Debug|x64.ActiveCfg = Debug|Any CPU
		{FD4C80EE-89BA-4BC6-9D05-E2CBAAC98A28}.Debug|x64.Build.0 = Debug|Any CPU
		{FD4C80EE-89BA-4BC6-9D05-E2CBAAC98A28}.Debug|x86.ActiveCfg = Debug|Any CPU
		{FD4C80EE-89BA-4BC6-9D05-E2CBAAC98A28}.Debug|x86.Build.0 = Debug|Any CPU
		{FD4C80EE-89BA-4BC6-9D05-E2CBAAC98A28}.Release|Any CPU.ActiveCfg = Release|Any CPU
		{FD4C80EE-89BA-4BC6-9D05-E2CBAAC98A28}.Release|Any CPU.Build.0 = Release|Any CPU
		{FD4C80EE-89BA-4BC6-9D05-E2CBAAC98A28}.Release|x64.ActiveCfg = Release|Any CPU
		{FD4C80EE-89BA-4BC6-9D05-E2CBAAC98A28}.Release|x64.Build.0 = Release|Any CPU
		{FD4C80EE-89BA-4BC6-9D05-E2CBAAC98A28}.Release|x86.ActiveCfg = Release|Any CPU
		{FD4C80EE-89BA-4BC6-9D05-E2CBAAC98A28}.Release|x86.Build.0 = Release|Any CPU
		{3C23A438-BC28-4089-AC7B-F11CC48EF310}.Debug|Any CPU.ActiveCfg = Debug|Any CPU
		{3C23A438-BC28-4089-AC7B-F11CC48EF310}.Debug|Any CPU.Build.0 = Debug|Any CPU
		{3C23A438-BC28-4089-AC7B-F11CC48EF310}.Debug|x64.ActiveCfg = Debug|Any CPU
		{3C23A438-BC28-4089-AC7B-F11CC48EF310}.Debug|x64.Build.0 = Debug|Any CPU
		{3C23A438-BC28-4089-AC7B-F11CC48EF310}.Debug|x86.ActiveCfg = Debug|Any CPU
		{3C23A438-BC28-4089-AC7B-F11CC48EF310}.Debug|x86.Build.0 = Debug|Any CPU
		{3C23A438-BC28-4089-AC7B-F11CC48EF310}.Release|Any CPU.ActiveCfg = Release|Any CPU
		{3C23A438-BC28-4089-AC7B-F11CC48EF310}.Release|Any CPU.Build.0 = Release|Any CPU
		{3C23A438-BC28-4089-AC7B-F11CC48EF310}.Release|x64.ActiveCfg = Release|Any CPU
		{3C23A438-BC28-4089-AC7B-F11CC48EF310}.Release|x64.Build.0 = Release|Any CPU
		{3C23A438-BC28-4089-AC7B-F11CC48EF310}.Release|x86.ActiveCfg = Release|Any CPU
		{3C23A438-BC28-4089-AC7B-F11CC48EF310}.Release|x86.Build.0 = Release|Any CPU
	EndGlobalSection
	GlobalSection(SolutionProperties) = preSolution
		HideSolutionNode = FALSE
	EndGlobalSection
	GlobalSection(ExtensibilityGlobals) = postSolution
		SolutionGuid = {049E1464-C184-402B-ABCB-77FEAD2A3974}
	EndGlobalSection
EndGlobal
